// !$*UTF8*$!
{
	archiveVersion = 1;
	classes = {
	};
	objectVersion = 55;
	objects = {

/* Begin PBXBuildFile section */
		FB9562952831571400495212 /* ButtonSwiftUIApp.swift in Sources */ = {isa = PBXBuildFile; fileRef = FB9562942831571400495212 /* ButtonSwiftUIApp.swift */; };
		FB9562972831571400495212 /* ContentView.swift in Sources */ = {isa = PBXBuildFile; fileRef = FB9562962831571400495212 /* ContentView.swift */; };
		FB9562992831571600495212 /* Assets.xcassets in Resources */ = {isa = PBXBuildFile; fileRef = FB9562982831571600495212 /* Assets.xcassets */; };
		FB95629C2831571600495212 /* Preview Assets.xcassets in Resources */ = {isa = PBXBuildFile; fileRef = FB95629B2831571600495212 /* Preview Assets.xcassets */; };
		FB9562A428315C2400495212 /* ButtonStyle+Send.swift in Sources */ = {isa = PBXBuildFile; fileRef = FB9562A328315C2400495212 /* ButtonStyle+Send.swift */; };
		FB9562A62831640300495212 /* ButtonStyle+Like.swift in Sources */ = {isa = PBXBuildFile; fileRef = FB9562A52831640300495212 /* ButtonStyle+Like.swift */; };
		FB9562A928316E3F00495212 /* DeleteButton.swift in Sources */ = {isa = PBXBuildFile; fileRef = FB9562A828316E3F00495212 /* DeleteButton.swift */; };
		FB9562AD28316EC700495212 /* ButtonStyle+Delete.swift in Sources */ = {isa = PBXBuildFile; fileRef = FB9562AC28316EC700495212 /* ButtonStyle+Delete.swift */; };
		FB9562AF28316F5400495212 /* BookmarkButton.swift in Sources */ = {isa = PBXBuildFile; fileRef = FB9562AE28316F5400495212 /* BookmarkButton.swift */; };
/* End PBXBuildFile section */

/* Begin PBXFileReference section */
		FB9562912831571400495212 /* ButtonSwiftUI.app */ = {isa = PBXFileReference; explicitFileType = wrapper.application; includeInIndex = 0; path = ButtonSwiftUI.app; sourceTree = BUILT_PRODUCTS_DIR; };
		FB9562942831571400495212 /* ButtonSwiftUIApp.swift */ = {isa = PBXFileReference; lastKnownFileType = sourcecode.swift; path = ButtonSwiftUIApp.swift; sourceTree = "<group>"; };
		FB9562962831571400495212 /* ContentView.swift */ = {isa = PBXFileReference; lastKnownFileType = sourcecode.swift; path = ContentView.swift; sourceTree = "<group>"; };
		FB9562982831571600495212 /* Assets.xcassets */ = {isa = PBXFileReference; lastKnownFileType = folder.assetcatalog; path = Assets.xcassets; sourceTree = "<group>"; };
		FB95629B2831571600495212 /* Preview Assets.xcassets */ = {isa = PBXFileReference; lastKnownFileType = folder.assetcatalog; path = "Preview Assets.xcassets"; sourceTree = "<group>"; };
		FB9562A328315C2400495212 /* ButtonStyle+Send.swift */ = {isa = PBXFileReference; lastKnownFileType = sourcecode.swift; path = "ButtonStyle+Send.swift"; sourceTree = "<group>"; };
		FB9562A52831640300495212 /* ButtonStyle+Like.swift */ = {isa = PBXFileReference; lastKnownFileType = sourcecode.swift; path = "ButtonStyle+Like.swift"; sourceTree = "<group>"; };
		FB9562A828316E3F00495212 /* DeleteButton.swift */ = {isa = PBXFileReference; lastKnownFileType = sourcecode.swift; path = DeleteButton.swift; sourceTree = "<group>"; };
		FB9562AC28316EC700495212 /* ButtonStyle+Delete.swift */ = {isa = PBXFileReference; lastKnownFileType = sourcecode.swift; path = "ButtonStyle+Delete.swift"; sourceTree = "<group>"; };
		FB9562AE28316F5400495212 /* BookmarkButton.swift */ = {isa = PBXFileReference; lastKnownFileType = sourcecode.swift; path = BookmarkButton.swift; sourceTree = "<group>"; };
/* End PBXFileReference section */

/* Begin PBXFrameworksBuildPhase section */
		FB95628E2831571400495212 /* Frameworks */ = {
			isa = PBXFrameworksBuildPhase;
			buildActionMask = 2147483647;
			files = (
			);
			runOnlyForDeploymentPostprocessing = 0;
		};
/* End PBXFrameworksBuildPhase section */

/* Begin PBXGroup section */
		FB9562882831571400495212 = {
			isa = PBXGroup;
			children = (
				FB9562932831571400495212 /* ButtonSwiftUI */,
				FB9562922831571400495212 /* Products */,
			);
			sourceTree = "<group>";
		};
		FB9562922831571400495212 /* Products */ = {
			isa = PBXGroup;
			children = (
				FB9562912831571400495212 /* ButtonSwiftUI.app */,
			);
			name = Products;
			sourceTree = "<group>";
		};
		FB9562932831571400495212 /* ButtonSwiftUI */ = {
			isa = PBXGroup;
			children = (
				FB9562A728316E2A00495212 /* component */,
				FB9562A228315C0D00495212 /* extension */,
				FB9562942831571400495212 /* ButtonSwiftUIApp.swift */,
				FB9562962831571400495212 /* ContentView.swift */,
				FB9562982831571600495212 /* Assets.xcassets */,
				FB95629A2831571600495212 /* Preview Content */,
			);
			path = ButtonSwiftUI;
			sourceTree = "<group>";
		};
		FB95629A2831571600495212 /* Preview Content */ = {
			isa = PBXGroup;
			children = (
				FB95629B2831571600495212 /* Preview Assets.xcassets */,
			);
			path = "Preview Content";
			sourceTree = "<group>";
		};
		FB9562A228315C0D00495212 /* extension */ = {
			isa = PBXGroup;
			children = (
				FB9562A328315C2400495212 /* ButtonStyle+Send.swift */,
				FB9562A52831640300495212 /* ButtonStyle+Like.swift */,
				FB9562AC28316EC700495212 /* ButtonStyle+Delete.swift */,
			);
			path = extension;
			sourceTree = "<group>";
		};
		FB9562A728316E2A00495212 /* component */ = {
			isa = PBXGroup;
			children = (
				FB9562A828316E3F00495212 /* DeleteButton.swift */,
				FB9562AE28316F5400495212 /* BookmarkButton.swift */,
			);
			path = component;
			sourceTree = "<group>";
		};
/* End PBXGroup section */

/* Begin PBXNativeTarget section */
		FB9562902831571400495212 /* ButtonSwiftUI */ = {
			isa = PBXNativeTarget;
			buildConfigurationList = FB95629F2831571600495212 /* Build configuration list for PBXNativeTarget "ButtonSwiftUI" */;
			buildPhases = (
				FB95628D2831571400495212 /* Sources */,
				FB95628E2831571400495212 /* Frameworks */,
				FB95628F2831571400495212 /* Resources */,
			);
			buildRules = (
			);
			dependencies = (
			);
			name = ButtonSwiftUI;
			productName = ButtonSwiftUI;
			productReference = FB9562912831571400495212 /* ButtonSwiftUI.app */;
			productType = "com.apple.product-type.application";
		};
/* End PBXNativeTarget section */

/* Begin PBXProject section */
		FB9562892831571400495212 /* Project object */ = {
			isa = PBXProject;
			attributes = {
				BuildIndependentTargetsInParallel = 1;
				LastSwiftUpdateCheck = 1330;
				LastUpgradeCheck = 1330;
				TargetAttributes = {
					FB9562902831571400495212 = {
						CreatedOnToolsVersion = 13.3;
					};
				};
			};
			buildConfigurationList = FB95628C2831571400495212 /* Build configuration list for PBXProject "ButtonSwiftUI" */;
			compatibilityVersion = "Xcode 13.0";
			developmentRegion = en;
			hasScannedForEncodings = 0;
			knownRegions = (
				en,
				Base,
			);
			mainGroup = FB9562882831571400495212;
			productRefGroup = FB9562922831571400495212 /* Products */;
			projectDirPath = "";
			projectRoot = "";
			targets = (
				FB9562902831571400495212 /* ButtonSwiftUI */,
			);
		};
/* End PBXProject section */

/* Begin PBXResourcesBuildPhase section */
		FB95628F2831571400495212 /* Resources */ = {
			isa = PBXResourcesBuildPhase;
			buildActionMask = 2147483647;
			files = (
				FB95629C2831571600495212 /* Preview Assets.xcassets in Resources */,
				FB9562992831571600495212 /* Assets.xcassets in Resources */,
			);
			runOnlyForDeploymentPostprocessing = 0;
		};
/* End PBXResourcesBuildPhase section */

/* Begin PBXSourcesBuildPhase section */
		FB95628D2831571400495212 /* Sources */ = {
			isa = PBXSourcesBuildPhase;
			buildActionMask = 2147483647;
			files = (
				FB9562972831571400495212 /* ContentView.swift in Sources */,
				FB9562AF28316F5400495212 /* BookmarkButton.swift in Sources */,
				FB9562952831571400495212 /* ButtonSwiftUIApp.swift in Sources */,
				FB9562AD28316EC700495212 /* ButtonStyle+Delete.swift in Sources */,
				FB9562A62831640300495212 /* ButtonStyle+Like.swift in Sources */,
				FB9562A428315C2400495212 /* ButtonStyle+Send.swift in Sources */,
				FB9562A928316E3F00495212 /* DeleteButton.swift in Sources */,
			);
			runOnlyForDeploymentPostprocessing = 0;
		};
/* End PBXSourcesBuildPhase section */

/* Begin XCBuildConfiguration section */
		FB95629D2831571600495212 /* Debug */ = {
			isa = XCBuildConfiguration;
			buildSettings = {
				ALWAYS_SEARCH_USER_PATHS = NO;
				CLANG_ANALYZER_NONNULL = YES;
				CLANG_ANALYZER_NUMBER_OBJECT_CONVERSION = YES_AGGRESSIVE;
				CLANG_CXX_LANGUAGE_STANDARD = "gnu++17";
				CLANG_ENABLE_MODULES = YES;
				CLANG_ENABLE_OBJC_ARC = YES;
				CLANG_ENABLE_OBJC_WEAK = YES;
				CLANG_WARN_BLOCK_CAPTURE_AUTORELEASING = YES;
				CLANG_WARN_BOOL_CONVERSION = YES;
				CLANG_WARN_COMMA = YES;
				CLANG_WARN_CONSTANT_CONVERSION = YES;
				CLANG_WARN_DEPRECATED_OBJC_IMPLEMENTATIONS = YES;
				CLANG_WARN_DIRECT_OBJC_ISA_USAGE = YES_ERROR;
				CLANG_WARN_DOCUMENTATION_COMMENTS = YES;
				CLANG_WARN_EMPTY_BODY = YES;
				CLANG_WARN_ENUM_CONVERSION = YES;
				CLANG_WARN_INFINITE_RECURSION = YES;
				CLANG_WARN_INT_CONVERSION = YES;
				CLANG_WARN_NON_LITERAL_NULL_CONVERSION = YES;
				CLANG_WARN_OBJC_IMPLICIT_RETAIN_SELF = YES;
				CLANG_WARN_OBJC_LITERAL_CONVERSION = YES;
				CLANG_WARN_OBJC_ROOT_CLASS = YES_ERROR;
				CLANG_WARN_QUOTED_INCLUDE_IN_FRAMEWORK_HEADER = YES;
				CLANG_WARN_RANGE_LOOP_ANALYSIS = YES;
				CLANG_WARN_STRICT_PROTOTYPES = YES;
				CLANG_WARN_SUSPICIOUS_MOVE = YES;
				CLANG_WARN_UNGUARDED_AVAILABILITY = YES_AGGRESSIVE;
				CLANG_WARN_UNREACHABLE_CODE = YES;
				CLANG_WARN__DUPLICATE_METHOD_MATCH = YES;
				COPY_PHASE_STRIP = NO;
				DEBUG_INFORMATION_FORMAT = dwarf;
				ENABLE_STRICT_OBJC_MSGSEND = YES;
				ENABLE_TESTABILITY = YES;
				GCC_C_LANGUAGE_STANDARD = gnu11;
				GCC_DYNAMIC_NO_PIC = NO;
				GCC_NO_COMMON_BLOCKS = YES;
				GCC_OPTIMIZATION_LEVEL = 0;
				GCC_PREPROCESSOR_DEFINITIONS = (
					"DEBUG=1",
					"$(inherited)",
				);
				GCC_WARN_64_TO_32_BIT_CONVERSION = YES;
				GCC_WARN_ABOUT_RETURN_TYPE = YES_ERROR;
				GCC_WARN_UNDECLARED_SELECTOR = YES;
				GCC_WARN_UNINITIALIZED_AUTOS = YES_AGGRESSIVE;
				GCC_WARN_UNUSED_FUNCTION = YES;
				GCC_WARN_UNUSED_VARIABLE = YES;
				IPHONEOS_DEPLOYMENT_TARGET = 15.4;
				MTL_ENABLE_DEBUG_INFO = INCLUDE_SOURCE;
				MTL_FAST_MATH = YES;
				ONLY_ACTIVE_ARCH = YES;
				SDKROOT = iphoneos;
				SWIFT_ACTIVE_COMPILATION_CONDITIONS = DEBUG;
				SWIFT_OPTIMIZATION_LEVEL = "-Onone";
			};
			name = Debug;
		};
		FB95629E2831571600495212 /* Release */ = {
			isa = XCBuildConfiguration;
			buildSettings = {
				ALWAYS_SEARCH_USER_PATHS = NO;
				CLANG_ANALYZER_NONNULL = YES;
				CLANG_ANALYZER_NUMBER_OBJECT_CONVERSION = YES_AGGRESSIVE;
				CLANG_CXX_LANGUAGE_STANDARD = "gnu++17";
				CLANG_ENABLE_MODULES = YES;
				CLANG_ENABLE_OBJC_ARC = YES;
				CLANG_ENABLE_OBJC_WEAK = YES;
				CLANG_WARN_BLOCK_CAPTURE_AUTORELEASING = YES;
				CLANG_WARN_BOOL_CONVERSION = YES;
				CLANG_WARN_COMMA = YES;
				CLANG_WARN_CONSTANT_CONVERSION = YES;
				CLANG_WARN_DEPRECATED_OBJC_IMPLEMENTATIONS = YES;
				CLANG_WARN_DIRECT_OBJC_ISA_USAGE = YES_ERROR;
				CLANG_WARN_DOCUMENTATION_COMMENTS = YES;
				CLANG_WARN_EMPTY_BODY = YES;
				CLANG_WARN_ENUM_CONVERSION = YES;
				CLANG_WARN_INFINITE_RECURSION = YES;
				CLANG_WARN_INT_CONVERSION = YES;
				CLANG_WARN_NON_LITERAL_NULL_CONVERSION = YES;
				CLANG_WARN_OBJC_IMPLICIT_RETAIN_SELF = YES;
				CLANG_WARN_OBJC_LITERAL_CONVERSION = YES;
				CLANG_WARN_OBJC_ROOT_CLASS = YES_ERROR;
				CLANG_WARN_QUOTED_INCLUDE_IN_FRAMEWORK_HEADER = YES;
				CLANG_WARN_RANGE_LOOP_ANALYSIS = YES;
				CLANG_WARN_STRICT_PROTOTYPES = YES;
				CLANG_WARN_SUSPICIOUS_MOVE = YES;
				CLANG_WARN_UNGUARDED_AVAILABILITY = YES_AGGRESSIVE;
				CLANG_WARN_UNREACHABLE_CODE = YES;
				CLANG_WARN__DUPLICATE_METHOD_MATCH = YES;
				COPY_PHASE_STRIP = NO;
				DEBUG_INFORMATION_FORMAT = "dwarf-with-dsym";
				ENABLE_NS_ASSERTIONS = NO;
				ENABLE_STRICT_OBJC_MSGSEND = YES;
				GCC_C_LANGUAGE_STANDARD = gnu11;
				GCC_NO_COMMON_BLOCKS = YES;
				GCC_WARN_64_TO_32_BIT_CONVERSION = YES;
				GCC_WARN_ABOUT_RETURN_TYPE = YES_ERROR;
				GCC_WARN_UNDECLARED_SELECTOR = YES;
				GCC_WARN_UNINITIALIZED_AUTOS = YES_AGGRESSIVE;
				GCC_WARN_UNUSED_FUNCTION = YES;
				GCC_WARN_UNUSED_VARIABLE = YES;
				IPHONEOS_DEPLOYMENT_TARGET = 15.4;
				MTL_ENABLE_DEBUG_INFO = NO;
				MTL_FAST_MATH = YES;
				SDKROOT = iphoneos;
				SWIFT_COMPILATION_MODE = wholemodule;
				SWIFT_OPTIMIZATION_LEVEL = "-O";
				VALIDATE_PRODUCT = YES;
			};
			name = Release;
		};
		FB9562A02831571600495212 /* Debug */ = {
			isa = XCBuildConfiguration;
			buildSettings = {
				ASSETCATALOG_COMPILER_APPICON_NAME = AppIcon;
				ASSETCATALOG_COMPILER_GLOBAL_ACCENT_COLOR_NAME = AccentColor;
				CODE_SIGN_STYLE = Automatic;
				CURRENT_PROJECT_VERSION = 1;
				DEVELOPMENT_ASSET_PATHS = "\"ButtonSwiftUI/Preview Content\"";
				DEVELOPMENT_TEAM = Z824M97CF2;
				ENABLE_PREVIEWS = YES;
				GENERATE_INFOPLIST_FILE = YES;
				INFOPLIST_KEY_UIApplicationSceneManifest_Generation = YES;
				INFOPLIST_KEY_UIApplicationSupportsIndirectInputEvents = YES;
				INFOPLIST_KEY_UILaunchScreen_Generation = YES;
				INFOPLIST_KEY_UISupportedInterfaceOrientations_iPad = "UIInterfaceOrientationPortrait UIInterfaceOrientationPortraitUpsideDown UIInterfaceOrientationLandscapeLeft UIInterfaceOrientationLandscapeRight";
				INFOPLIST_KEY_UISupportedInterfaceOrientations_iPhone = "UIInterfaceOrientationPortrait UIInterfaceOrientationLandscapeLeft UIInterfaceOrientationLandscapeRight";
				LD_RUNPATH_SEARCH_PATHS = (
					"$(inherited)",
					"@executable_path/Frameworks",
				);
				MARKETING_VERSION = 1.0;
				PRODUCT_BUNDLE_IDENTIFIER = com.hafizhmo.ButtonSwiftUI;
				PRODUCT_NAME = "$(TARGET_NAME)";
				SWIFT_EMIT_LOC_STRINGS = YES;
				SWIFT_VERSION = 5.0;
				TARGETED_DEVICE_FAMILY = "1,2";
			};
			name = Debug;
		};
		FB9562A12831571600495212 /* Release */ = {
			isa = XCBuildConfiguration;
			buildSettings = {
				ASSETCATALOG_COMPILER_APPICON_NAME = AppIcon;
				ASSETCATALOG_COMPILER_GLOBAL_ACCENT_COLOR_NAME = AccentColor;
				CODE_SIGN_STYLE = Automatic;
				CURRENT_PROJECT_VERSION = 1;
				DEVELOPMENT_ASSET_PATHS = "\"ButtonSwiftUI/Preview Content\"";
				DEVELOPMENT_TEAM = Z824M97CF2;
				ENABLE_PREVIEWS = YES;
				GENERATE_INFOPLIST_FILE = YES;
				INFOPLIST_KEY_UIApplicationSceneManifest_Generation = YES;
				INFOPLIST_KEY_UIApplicationSupportsIndirectInputEvents = YES;
				INFOPLIST_KEY_UILaunchScreen_Generation = YES;
				INFOPLIST_KEY_UISupportedInterfaceOrientations_iPad = "UIInterfaceOrientationPortrait UIInterfaceOrientationPortraitUpsideDown UIInterfaceOrientationLandscapeLeft UIInterfaceOrientationLandscapeRight";
				INFOPLIST_KEY_UISupportedInterfaceOrientations_iPhone = "UIInterfaceOrientationPortrait UIInterfaceOrientationLandscapeLeft UIInterfaceOrientationLandscapeRight";
				LD_RUNPATH_SEARCH_PATHS = (
					"$(inherited)",
					"@executable_path/Frameworks",
				);
				MARKETING_VERSION = 1.0;
				PRODUCT_BUNDLE_IDENTIFIER = com.hafizhmo.ButtonSwiftUI;
				PRODUCT_NAME = "$(TARGET_NAME)";
				SWIFT_EMIT_LOC_STRINGS = YES;
				SWIFT_VERSION = 5.0;
				TARGETED_DEVICE_FAMILY = "1,2";
			};
			name = Release;
		};
/* End XCBuildConfiguration section */

/* Begin XCConfigurationList section */
		FB95628C2831571400495212 /* Build configuration list for PBXProject "ButtonSwiftUI" */ = {
			isa = XCConfigurationList;
			buildConfigurations = (
				FB95629D2831571600495212 /* Debug */,
				FB95629E2831571600495212 /* Release */,
			);
			defaultConfigurationIsVisible = 0;
			defaultConfigurationName = Release;
		};
		FB95629F2831571600495212 /* Build configuration list for PBXNativeTarget "ButtonSwiftUI" */ = {
			isa = XCConfigurationList;
			buildConfigurations = (
				FB9562A02831571600495212 /* Debug */,
				FB9562A12831571600495212 /* Release */,
			);
			defaultConfigurationIsVisible = 0;
			defaultConfigurationName = Release;
		};
/* End XCConfigurationList section */
	};
	rootObject = FB9562892831571400495212 /* Project object */;
}
